
Microsoft Visual Studio Solution File, Format Version 12.00
# Visual Studio Version 16
VisualStudioVersion = 16.0.30011.22
MinimumVisualStudioVersion = 10.0.40219.1
Project("{FAE04EC0-301F-11D3-BF4B-00C04F79EFBC}") = "EventCounterProofOfConcept", "EventCounterProofOfConcept\EventCounterProofOfConcept.csproj", "{1D10F1C9-344D-4C79-B3B2-A5877F3B17C3}"
EndProject
Global
	GlobalSection(SolutionConfigurationPlatforms) = preSolution
		Debug|Any CPU = Debug|Any CPU
		Release|Any CPU = Release|Any CPU
	EndGlobalSection
	GlobalSection(ProjectConfigurationPlatforms) = postSolution
		{1D10F1C9-344D-4C79-B3B2-A5877F3B17C3}.Debug|Any CPU.ActiveCfg = Debug|Any CPU
		{1D10F1C9-344D-4C79-B3B2-A5877F3B17C3}.Debug|Any CPU.Build.0 = Debug|Any CPU
		{1D10F1C9-344D-4C79-B3B2-A5877F3B17C3}.Release|Any CPU.ActiveCfg = Release|Any CPU
		{1D10F1C9-344D-4C79-B3B2-A5877F3B17C3}.Release|Any CPU.Build.0 = Release|Any CPU
	EndGlobalSection
	GlobalSection(SolutionProperties) = preSolution
		HideSolutionNode = FALSE
	EndGlobalSection
	GlobalSection(ExtensibilityGlobals) = postSolution
		SolutionGuid = {79ED7571-2416-421E-A382-354FDD615251}
	EndGlobalSection
EndGlobal
